
Microsoft Visual Studio Solution File, Format Version 12.00
# Visual Studio Version 16
VisualStudioVersion = 16.0.30320.27
MinimumVisualStudioVersion = 10.0.40219.1
Project("{FAE04EC0-301F-11D3-BF4B-00C04F79EFBC}") = "UserListingAPI", "UserListingAPI\UserListingAPI.csproj", "{FF2DE8F7-5769-426C-A637-CABC4511C00F}"
EndProject
Project("{FAE04EC0-301F-11D3-BF4B-00C04F79EFBC}") = "UserListingAPI.DataModel", "UserListingAPI.DataModel\UserListingAPI.DataModel.csproj", "{7D6AF9C0-132E-4862-A0C9-F5DE32A89511}"
EndProject
Project("{FAE04EC0-301F-11D3-BF4B-00C04F79EFBC}") = "UserListingAPI.DomainModel", "UserListingAPI.DomainModel\UserListingAPI.DomainModel.csproj", "{A0D6111F-77DF-4908-B32E-C10BE0518912}"
EndProject
Global
	GlobalSection(SolutionConfigurationPlatforms) = preSolution
		Debug|Any CPU = Debug|Any CPU
		Release|Any CPU = Release|Any CPU
	EndGlobalSection
	GlobalSection(ProjectConfigurationPlatforms) = postSolution
		{FF2DE8F7-5769-426C-A637-CABC4511C00F}.Debug|Any CPU.ActiveCfg = Debug|Any CPU
		{FF2DE8F7-5769-426C-A637-CABC4511C00F}.Debug|Any CPU.Build.0 = Debug|Any CPU
		{FF2DE8F7-5769-426C-A637-CABC4511C00F}.Release|Any CPU.ActiveCfg = Release|Any CPU
		{FF2DE8F7-5769-426C-A637-CABC4511C00F}.Release|Any CPU.Build.0 = Release|Any CPU
		{7D6AF9C0-132E-4862-A0C9-F5DE32A89511}.Debug|Any CPU.ActiveCfg = Debug|Any CPU
		{7D6AF9C0-132E-4862-A0C9-F5DE32A89511}.Debug|Any CPU.Build.0 = Debug|Any CPU
		{7D6AF9C0-132E-4862-A0C9-F5DE32A89511}.Release|Any CPU.ActiveCfg = Release|Any CPU
		{7D6AF9C0-132E-4862-A0C9-F5DE32A89511}.Release|Any CPU.Build.0 = Release|Any CPU
		{A0D6111F-77DF-4908-B32E-C10BE0518912}.Debug|Any CPU.ActiveCfg = Debug|Any CPU
		{A0D6111F-77DF-4908-B32E-C10BE0518912}.Debug|Any CPU.Build.0 = Debug|Any CPU
		{A0D6111F-77DF-4908-B32E-C10BE0518912}.Release|Any CPU.ActiveCfg = Release|Any CPU
		{A0D6111F-77DF-4908-B32E-C10BE0518912}.Release|Any CPU.Build.0 = Release|Any CPU
	EndGlobalSection
	GlobalSection(SolutionProperties) = preSolution
		HideSolutionNode = FALSE
	EndGlobalSection
	GlobalSection(ExtensibilityGlobals) = postSolution
		SolutionGuid = {219D4235-4F98-4A7E-B7B7-A47B63205668}
	EndGlobalSection
EndGlobal
